// !$*UTF8*$!
{
	archiveVersion = 1;
	classes = {
	};
	objectVersion = 50;
	objects = {

/* Begin PBXBuildFile section */
		4DDBB45022D6559A007FBB2B /* AppDelegate.swift in Sources */ = {isa = PBXBuildFile; fileRef = 4DDBB44F22D6559A007FBB2B /* AppDelegate.swift */; };
		4DDBB45222D6559A007FBB2B /* ViewController.swift in Sources */ = {isa = PBXBuildFile; fileRef = 4DDBB45122D6559A007FBB2B /* ViewController.swift */; };
		4DDBB45522D6559A007FBB2B /* Main.storyboard in Resources */ = {isa = PBXBuildFile; fileRef = 4DDBB45322D6559A007FBB2B /* Main.storyboard */; };
		4DDBB45822D6559A007FBB2B /* AR_Pet.xcdatamodeld in Sources */ = {isa = PBXBuildFile; fileRef = 4DDBB45622D6559A007FBB2B /* AR_Pet.xcdatamodeld */; };
		4DDBB45A22D6559C007FBB2B /* Assets.xcassets in Resources */ = {isa = PBXBuildFile; fileRef = 4DDBB45922D6559C007FBB2B /* Assets.xcassets */; };
		4DDBB45D22D6559C007FBB2B /* LaunchScreen.storyboard in Resources */ = {isa = PBXBuildFile; fileRef = 4DDBB45B22D6559C007FBB2B /* LaunchScreen.storyboard */; };
		4DDBB46722D65ABA007FBB2B /* Animals in Resources */ = {isa = PBXBuildFile; fileRef = 4DDBB46622D65ABA007FBB2B /* Animals */; };
/* End PBXBuildFile section */

/* Begin PBXFileReference section */
		4DDBB44C22D6559A007FBB2B /* AR Pet.app */ = {isa = PBXFileReference; explicitFileType = wrapper.application; includeInIndex = 0; path = "AR Pet.app"; sourceTree = BUILT_PRODUCTS_DIR; };
		4DDBB44F22D6559A007FBB2B /* AppDelegate.swift */ = {isa = PBXFileReference; lastKnownFileType = sourcecode.swift; path = AppDelegate.swift; sourceTree = "<group>"; };
		4DDBB45122D6559A007FBB2B /* ViewController.swift */ = {isa = PBXFileReference; lastKnownFileType = sourcecode.swift; path = ViewController.swift; sourceTree = "<group>"; };
		4DDBB45422D6559A007FBB2B /* Base */ = {isa = PBXFileReference; lastKnownFileType = file.storyboard; name = Base; path = Base.lproj/Main.storyboard; sourceTree = "<group>"; };
		4DDBB45722D6559A007FBB2B /* AR_Pet.xcdatamodel */ = {isa = PBXFileReference; lastKnownFileType = wrapper.xcdatamodel; path = AR_Pet.xcdatamodel; sourceTree = "<group>"; };
		4DDBB45922D6559C007FBB2B /* Assets.xcassets */ = {isa = PBXFileReference; lastKnownFileType = folder.assetcatalog; path = Assets.xcassets; sourceTree = "<group>"; };
		4DDBB45C22D6559C007FBB2B /* Base */ = {isa = PBXFileReference; lastKnownFileType = file.storyboard; name = Base; path = Base.lproj/LaunchScreen.storyboard; sourceTree = "<group>"; };
		4DDBB45E22D6559C007FBB2B /* Info.plist */ = {isa = PBXFileReference; lastKnownFileType = text.plist.xml; path = Info.plist; sourceTree = "<group>"; };
		4DDBB46622D65ABA007FBB2B /* Animals */ = {isa = PBXFileReference; lastKnownFileType = folder; path = Animals; sourceTree = "<group>"; };
/* End PBXFileReference section */

/* Begin PBXFrameworksBuildPhase section */
		4DDBB44922D6559A007FBB2B /* Frameworks */ = {
			isa = PBXFrameworksBuildPhase;
			buildActionMask = 2147483647;
			files = (
			);
			runOnlyForDeploymentPostprocessing = 0;
		};
/* End PBXFrameworksBuildPhase section */

/* Begin PBXGroup section */
		4DDBB44322D6559A007FBB2B = {
			isa = PBXGroup;
			children = (
				4DDBB44E22D6559A007FBB2B /* AR Pet */,
				4DDBB44D22D6559A007FBB2B /* Products */,
			);
			sourceTree = "<group>";
		};
		4DDBB44D22D6559A007FBB2B /* Products */ = {
			isa = PBXGroup;
			children = (
				4DDBB44C22D6559A007FBB2B /* AR Pet.app */,
			);
			name = Products;
			sourceTree = "<group>";
		};
		4DDBB44E22D6559A007FBB2B /* AR Pet */ = {
			isa = PBXGroup;
			children = (
				4DDBB44F22D6559A007FBB2B /* AppDelegate.swift */,
				4DDBB46622D65ABA007FBB2B /* Animals */,
				4DDBB45122D6559A007FBB2B /* ViewController.swift */,
				4DDBB45322D6559A007FBB2B /* Main.storyboard */,
				4DDBB45922D6559C007FBB2B /* Assets.xcassets */,
				4DDBB45B22D6559C007FBB2B /* LaunchScreen.storyboard */,
				4DDBB45E22D6559C007FBB2B /* Info.plist */,
				4DDBB45622D6559A007FBB2B /* AR_Pet.xcdatamodeld */,
			);
			path = "AR Pet";
			sourceTree = "<group>";
		};
/* End PBXGroup section */

/* Begin PBXNativeTarget section */
		4DDBB44B22D6559A007FBB2B /* AR Pet */ = {
			isa = PBXNativeTarget;
			buildConfigurationList = 4DDBB46122D6559C007FBB2B /* Build configuration list for PBXNativeTarget "AR Pet" */;
			buildPhases = (
				4DDBB44822D6559A007FBB2B /* Sources */,
				4DDBB44922D6559A007FBB2B /* Frameworks */,
				4DDBB44A22D6559A007FBB2B /* Resources */,
			);
			buildRules = (
			);
			dependencies = (
			);
			name = "AR Pet";
			productName = "AR Pet";
			productReference = 4DDBB44C22D6559A007FBB2B /* AR Pet.app */;
			productType = "com.apple.product-type.application";
		};
/* End PBXNativeTarget section */

/* Begin PBXProject section */
		4DDBB44422D6559A007FBB2B /* Project object */ = {
			isa = PBXProject;
			attributes = {
				LastSwiftUpdateCheck = 1020;
				LastUpgradeCheck = 1020;
				ORGANIZATIONNAME = Jessica;
				TargetAttributes = {
					4DDBB44B22D6559A007FBB2B = {
						CreatedOnToolsVersion = 10.2.1;
					};
				};
			};
			buildConfigurationList = 4DDBB44722D6559A007FBB2B /* Build configuration list for PBXProject "AR Pet" */;
			compatibilityVersion = "Xcode 9.3";
			developmentRegion = en;
			hasScannedForEncodings = 0;
			knownRegions = (
				en,
				Base,
			);
			mainGroup = 4DDBB44322D6559A007FBB2B;
			productRefGroup = 4DDBB44D22D6559A007FBB2B /* Products */;
			projectDirPath = "";
			projectRoot = "";
			targets = (
				4DDBB44B22D6559A007FBB2B /* AR Pet */,
			);
		};
/* End PBXProject section */

/* Begin PBXResourcesBuildPhase section */
		4DDBB44A22D6559A007FBB2B /* Resources */ = {
			isa = PBXResourcesBuildPhase;
			buildActionMask = 2147483647;
			files = (
				4DDBB46722D65ABA007FBB2B /* Animals in Resources */,
				4DDBB45D22D6559C007FBB2B /* LaunchScreen.storyboard in Resources */,
				4DDBB45A22D6559C007FBB2B /* Assets.xcassets in Resources */,
				4DDBB45522D6559A007FBB2B /* Main.storyboard in Resources */,
			);
			runOnlyForDeploymentPostprocessing = 0;
		};
/* End PBXResourcesBuildPhase section */

/* Begin PBXSourcesBuildPhase section */
		4DDBB44822D6559A007FBB2B /* Sources */ = {
			isa = PBXSourcesBuildPhase;
			buildActionMask = 2147483647;
			files = (
				4DDBB45822D6559A007FBB2B /* AR_Pet.xcdatamodeld in Sources */,
				4DDBB45222D6559A007FBB2B /* ViewController.swift in Sources */,
				4DDBB45022D6559A007FBB2B /* AppDelegate.swift in Sources */,
			);
			runOnlyForDeploymentPostprocessing = 0;
		};
/* End PBXSourcesBuildPhase section */

/* Begin PBXVariantGroup section */
		4DDBB45322D6559A007FBB2B /* Main.storyboard */ = {
			isa = PBXVariantGroup;
			children = (
				4DDBB45422D6559A007FBB2B /* Base */,
			);
			name = Main.storyboard;
			sourceTree = "<group>";
		};
		4DDBB45B22D6559C007FBB2B /* LaunchScreen.storyboard */ = {
			isa = PBXVariantGroup;
			children = (
				4DDBB45C22D6559C007FBB2B /* Base */,
			);
			name = LaunchScreen.storyboard;
			sourceTree = "<group>";
		};
/* End PBXVariantGroup section */

/* Begin XCBuildConfiguration section */
		4DDBB45F22D6559C007FBB2B /* Debug */ = {
			isa = XCBuildConfiguration;
			buildSettings = {
				ALWAYS_SEARCH_USER_PATHS = NO;
				CLANG_ANALYZER_NONNULL = YES;
				CLANG_ANALYZER_NUMBER_OBJECT_CONVERSION = YES_AGGRESSIVE;
				CLANG_CXX_LANGUAGE_STANDARD = "gnu++14";
				CLANG_CXX_LIBRARY = "libc++";
				CLANG_ENABLE_MODULES = YES;
				CLANG_ENABLE_OBJC_ARC = YES;
				CLANG_ENABLE_OBJC_WEAK = YES;
				CLANG_WARN_BLOCK_CAPTURE_AUTORELEASING = YES;
				CLANG_WARN_BOOL_CONVERSION = YES;
				CLANG_WARN_COMMA = YES;
				CLANG_WARN_CONSTANT_CONVERSION = YES;
				CLANG_WARN_DEPRECATED_OBJC_IMPLEMENTATIONS = YES;
				CLANG_WARN_DIRECT_OBJC_ISA_USAGE = YES_ERROR;
				CLANG_WARN_DOCUMENTATION_COMMENTS = YES;
				CLANG_WARN_EMPTY_BODY = YES;
				CLANG_WARN_ENUM_CONVERSION = YES;
				CLANG_WARN_INFINITE_RECURSION = YES;
				CLANG_WARN_INT_CONVERSION = YES;
				CLANG_WARN_NON_LITERAL_NULL_CONVERSION = YES;
				CLANG_WARN_OBJC_IMPLICIT_RETAIN_SELF = YES;
				CLANG_WARN_OBJC_LITERAL_CONVERSION = YES;
				CLANG_WARN_OBJC_ROOT_CLASS = YES_ERROR;
				CLANG_WARN_RANGE_LOOP_ANALYSIS = YES;
				CLANG_WARN_STRICT_PROTOTYPES = YES;
				CLANG_WARN_SUSPICIOUS_MOVE = YES;
				CLANG_WARN_UNGUARDED_AVAILABILITY = YES_AGGRESSIVE;
				CLANG_WARN_UNREACHABLE_CODE = YES;
				CLANG_WARN__DUPLICATE_METHOD_MATCH = YES;
				CODE_SIGN_IDENTITY = "iPhone Developer";
				COPY_PHASE_STRIP = NO;
				DEBUG_INFORMATION_FORMAT = dwarf;
				ENABLE_STRICT_OBJC_MSGSEND = YES;
				ENABLE_TESTABILITY = YES;
				GCC_C_LANGUAGE_STANDARD = gnu11;
				GCC_DYNAMIC_NO_PIC = NO;
				GCC_NO_COMMON_BLOCKS = YES;
				GCC_OPTIMIZATION_LEVEL = 0;
				GCC_PREPROCESSOR_DEFINITIONS = (
					"DEBUG=1",
					"$(inherited)",
				);
				GCC_WARN_64_TO_32_BIT_CONVERSION = YES;
				GCC_WARN_ABOUT_RETURN_TYPE = YES_ERROR;
				GCC_WARN_UNDECLARED_SELECTOR = YES;
				GCC_WARN_UNINITIALIZED_AUTOS = YES_AGGRESSIVE;
				GCC_WARN_UNUSED_FUNCTION = YES;
				GCC_WARN_UNUSED_VARIABLE = YES;
				IPHONEOS_DEPLOYMENT_TARGET = 12.2;
				MTL_ENABLE_DEBUG_INFO = INCLUDE_SOURCE;
				MTL_FAST_MATH = YES;
				ONLY_ACTIVE_ARCH = YES;
				SDKROOT = iphoneos;
				SWIFT_ACTIVE_COMPILATION_CONDITIONS = DEBUG;
				SWIFT_OPTIMIZATION_LEVEL = "-Onone";
			};
			name = Debug;
		};
		4DDBB46022D6559C007FBB2B /* Release */ = {
			isa = XCBuildConfiguration;
			buildSettings = {
				ALWAYS_SEARCH_USER_PATHS = NO;
				CLANG_ANALYZER_NONNULL = YES;
				CLANG_ANALYZER_NUMBER_OBJECT_CONVERSION = YES_AGGRESSIVE;
				CLANG_CXX_LANGUAGE_STANDARD = "gnu++14";
				CLANG_CXX_LIBRARY = "libc++";
				CLANG_ENABLE_MODULES = YES;
				CLANG_ENABLE_OBJC_ARC = YES;
				CLANG_ENABLE_OBJC_WEAK = YES;
				CLANG_WARN_BLOCK_CAPTURE_AUTORELEASING = YES;
				CLANG_WARN_BOOL_CONVERSION = YES;
				CLANG_WARN_COMMA = YES;
				CLANG_WARN_CONSTANT_CONVERSION = YES;
				CLANG_WARN_DEPRECATED_OBJC_IMPLEMENTATIONS = YES;
				CLANG_WARN_DIRECT_OBJC_ISA_USAGE = YES_ERROR;
				CLANG_WARN_DOCUMENTATION_COMMENTS = YES;
				CLANG_WARN_EMPTY_BODY = YES;
				CLANG_WARN_ENUM_CONVERSION = YES;
				CLANG_WARN_INFINITE_RECURSION = YES;
				CLANG_WARN_INT_CONVERSION = YES;
				CLANG_WARN_NON_LITERAL_NULL_CONVERSION = YES;
				CLANG_WARN_OBJC_IMPLICIT_RETAIN_SELF = YES;
				CLANG_WARN_OBJC_LITERAL_CONVERSION = YES;
				CLANG_WARN_OBJC_ROOT_CLASS = YES_ERROR;
				CLANG_WARN_RANGE_LOOP_ANALYSIS = YES;
				CLANG_WARN_STRICT_PROTOTYPES = YES;
				CLANG_WARN_SUSPICIOUS_MOVE = YES;
				CLANG_WARN_UNGUARDED_AVAILABILITY = YES_AGGRESSIVE;
				CLANG_WARN_UNREACHABLE_CODE = YES;
				CLANG_WARN__DUPLICATE_METHOD_MATCH = YES;
				CODE_SIGN_IDENTITY = "iPhone Developer";
				COPY_PHASE_STRIP = NO;
				DEBUG_INFORMATION_FORMAT = "dwarf-with-dsym";
				ENABLE_NS_ASSERTIONS = NO;
				ENABLE_STRICT_OBJC_MSGSEND = YES;
				GCC_C_LANGUAGE_STANDARD = gnu11;
				GCC_NO_COMMON_BLOCKS = YES;
				GCC_WARN_64_TO_32_BIT_CONVERSION = YES;
				GCC_WARN_ABOUT_RETURN_TYPE = YES_ERROR;
				GCC_WARN_UNDECLARED_SELECTOR = YES;
				GCC_WARN_UNINITIALIZED_AUTOS = YES_AGGRESSIVE;
				GCC_WARN_UNUSED_FUNCTION = YES;
				GCC_WARN_UNUSED_VARIABLE = YES;
				IPHONEOS_DEPLOYMENT_TARGET = 12.2;
				MTL_ENABLE_DEBUG_INFO = NO;
				MTL_FAST_MATH = YES;
				SDKROOT = iphoneos;
				SWIFT_COMPILATION_MODE = wholemodule;
				SWIFT_OPTIMIZATION_LEVEL = "-O";
				VALIDATE_PRODUCT = YES;
			};
			name = Release;
		};
		4DDBB46222D6559C007FBB2B /* Debug */ = {
			isa = XCBuildConfiguration;
			buildSettings = {
				ASSETCATALOG_COMPILER_APPICON_NAME = AppIcon;
				CODE_SIGN_STYLE = Automatic;
				DEVELOPMENT_TEAM = 573XF9V7K8;
				INFOPLIST_FILE = "AR Pet/Info.plist";
				LD_RUNPATH_SEARCH_PATHS = (
					"$(inherited)",
					"@executable_path/Frameworks",
				);
				PRODUCT_BUNDLE_IDENTIFIER = "com.jessicabristol.AR-Pet";
				PRODUCT_NAME = "$(TARGET_NAME)";
				SWIFT_VERSION = 5.0;
				TARGETED_DEVICE_FAMILY = "1,2";
			};
			name = Debug;
		};
		4DDBB46322D6559C007FBB2B /* Release */ = {
			isa = XCBuildConfiguration;
			buildSettings = {
				ASSETCATALOG_COMPILER_APPICON_NAME = AppIcon;
				CODE_SIGN_STYLE = Automatic;
				DEVELOPMENT_TEAM = 573XF9V7K8;
				INFOPLIST_FILE = "AR Pet/Info.plist";
				LD_RUNPATH_SEARCH_PATHS = (
					"$(inherited)",
					"@executable_path/Frameworks",
				);
				PRODUCT_BUNDLE_IDENTIFIER = "com.jessicabristol.AR-Pet";
				PRODUCT_NAME = "$(TARGET_NAME)";
				SWIFT_VERSION = 5.0;
				TARGETED_DEVICE_FAMILY = "1,2";
			};
			name = Release;
		};
/* End XCBuildConfiguration section */

/* Begin XCConfigurationList section */
		4DDBB44722D6559A007FBB2B /* Build configuration list for PBXProject "AR Pet" */ = {
			isa = XCConfigurationList;
			buildConfigurations = (
				4DDBB45F22D6559C007FBB2B /* Debug */,
				4DDBB46022D6559C007FBB2B /* Release */,
			);
			defaultConfigurationIsVisible = 0;
			defaultConfigurationName = Release;
		};
		4DDBB46122D6559C007FBB2B /* Build configuration list for PBXNativeTarget "AR Pet" */ = {
			isa = XCConfigurationList;
			buildConfigurations = (
				4DDBB46222D6559C007FBB2B /* Debug */,
				4DDBB46322D6559C007FBB2B /* Release */,
			);
			defaultConfigurationIsVisible = 0;
			defaultConfigurationName = Release;
		};
/* End XCConfigurationList section */

/* Begin XCVersionGroup section */
		4DDBB45622D6559A007FBB2B /* AR_Pet.xcdatamodeld */ = {
			isa = XCVersionGroup;
			children = (
				4DDBB45722D6559A007FBB2B /* AR_Pet.xcdatamodel */,
			);
			currentVersion = 4DDBB45722D6559A007FBB2B /* AR_Pet.xcdatamodel */;
			path = AR_Pet.xcdatamodeld;
			sourceTree = "<group>";
			versionGroupType = wrapper.xcdatamodel;
		};
/* End XCVersionGroup section */
	};
	rootObject = 4DDBB44422D6559A007FBB2B /* Project object */;
}
